
Microsoft Visual Studio Solution File, Format Version 12.00
# Visual Studio Version 17
VisualStudioVersion = 17.9.34701.34
MinimumVisualStudioVersion = 10.0.40219.1
Project("{FAE04EC0-301F-11D3-BF4B-00C04F79EFBC}") = "BasicMath", "BasicMath\BasicMath.csproj", "{3B1E4102-662A-46E3-A70A-DB08FFE7D9BD}"
EndProject
Project("{FAE04EC0-301F-11D3-BF4B-00C04F79EFBC}") = "BasicMathTest", "BasicMathTest\BasicMathTest.csproj", "{49E33700-2469-4127-AACD-EEC52BDEC164}"
EndProject
Global
	GlobalSection(SolutionConfigurationPlatforms) = preSolution
		Debug|Any CPU = Debug|Any CPU
		Release|Any CPU = Release|Any CPU
	EndGlobalSection
	GlobalSection(ProjectConfigurationPlatforms) = postSolution
		{3B1E4102-662A-46E3-A70A-DB08FFE7D9BD}.Debug|Any CPU.ActiveCfg = Debug|Any CPU
		{3B1E4102-662A-46E3-A70A-DB08FFE7D9BD}.Debug|Any CPU.Build.0 = Debug|Any CPU
		{3B1E4102-662A-46E3-A70A-DB08FFE7D9BD}.Release|Any CPU.ActiveCfg = Release|Any CPU
		{3B1E4102-662A-46E3-A70A-DB08FFE7D9BD}.Release|Any CPU.Build.0 = Release|Any CPU
		{49E33700-2469-4127-AACD-EEC52BDEC164}.Debug|Any CPU.ActiveCfg = Debug|Any CPU
		{49E33700-2469-4127-AACD-EEC52BDEC164}.Debug|Any CPU.Build.0 = Debug|Any CPU
		{49E33700-2469-4127-AACD-EEC52BDEC164}.Release|Any CPU.ActiveCfg = Release|Any CPU
		{49E33700-2469-4127-AACD-EEC52BDEC164}.Release|Any CPU.Build.0 = Release|Any CPU
	EndGlobalSection
	GlobalSection(SolutionProperties) = preSolution
		HideSolutionNode = FALSE
	EndGlobalSection
	GlobalSection(ExtensibilityGlobals) = postSolution
		SolutionGuid = {23EA1E8D-9DE5-4982-9CAF-2C5F7E5EAFD6}
	EndGlobalSection
EndGlobal
